lockfileVersion: '9.0'

settings:
  autoInstallPeers: true
  excludeLinksFromLockfile: false

importers:

  .:
    dependencies:
      bcryptjs:
        specifier: ^3.0.3
        version: 3.0.3
      crypto:
        specifier: ^1.0.1
        version: 1.0.1

packages:

  bcryptjs@3.0.3:
    resolution: {integrity: sha512-GlF5wPWnSa/X5LKM1o0wz0suXIINz1iHRLvTS+sLyi7XPbe5ycmYI3DlZqVGZZtDgl4DmasFg7gOB3JYbphV5g==}
    hasBin: true

  crypto@1.0.1:
    resolution: {integrity: sha512-VxBKmeNcqQdiUQUW2Tzq0t377b54N2bMtXO/qiLa+6eRRmmC4qT3D4OnTGoT/U6O9aklQ/jTwbOtRMTTY8G0Ig==}
    deprecated: This package is no longer supported. It's now a built-in Node module. If you've depended on crypto, you should switch to the one that's built-in.

snapshots:

  bcryptjs@3.0.3: {}

  crypto@1.0.1: {}
